
Microsoft Visual Studio Solution File, Format Version 12.00
# Visual Studio Version 16
VisualStudioVersion = 16.0.29728.190
MinimumVisualStudioVersion = 10.0.40219.1
Project("{FAE04EC0-301F-11D3-BF4B-00C04F79EFBC}") = "PraugeParkingFrontEnd", "PraugeParkingFrontEnd.csproj", "{C9F63280-15B5-473D-8214-F63EE360994E}"
EndProject
Global
	GlobalSection(SolutionConfigurationPlatforms) = preSolution
		Debug|Any CPU = Debug|Any CPU
		Release|Any CPU = Release|Any CPU
	EndGlobalSection
	GlobalSection(ProjectConfigurationPlatforms) = postSolution
		{C9F63280-15B5-473D-8214-F63EE360994E}.Debug|Any CPU.ActiveCfg = Debug|Any CPU
		{C9F63280-15B5-473D-8214-F63EE360994E}.Debug|Any CPU.Build.0 = Debug|Any CPU
		{C9F63280-15B5-473D-8214-F63EE360994E}.Release|Any CPU.ActiveCfg = Release|Any CPU
		{C9F63280-15B5-473D-8214-F63EE360994E}.Release|Any CPU.Build.0 = Release|Any CPU
	EndGlobalSection
	GlobalSection(SolutionProperties) = preSolution
		HideSolutionNode = FALSE
	EndGlobalSection
	GlobalSection(ExtensibilityGlobals) = postSolution
		SolutionGuid = {99C1DC17-C70D-4A72-AB9E-3180A57C0A41}
	EndGlobalSection
EndGlobal
